
Microsoft Visual Studio Solution File, Format Version 12.00
# Visual Studio 14
VisualStudioVersion = 14.0.25420.1
MinimumVisualStudioVersion = 10.0.40219.1
Project("{8BC9CEB8-8B4A-11D0-8D11-00A0C91BC942}") = "FrameGrabber", "FrameGrabber\FrameGrabber.vcxproj", "{67FF963C-3540-4374-8076-910A7D88A5DF}"
EndProject
Global
	GlobalSection(SolutionConfigurationPlatforms) = preSolution
		Debug|x64 = Debug|x64
		Debug|x86 = Debug|x86
		Release|x64 = Release|x64
		Release|x86 = Release|x86
	EndGlobalSection
	GlobalSection(ProjectConfigurationPlatforms) = postSolution
		{67FF963C-3540-4374-8076-910A7D88A5DF}.Debug|x64.ActiveCfg = Debug|x64
		{67FF963C-3540-4374-8076-910A7D88A5DF}.Debug|x64.Build.0 = Debug|x64
		{67FF963C-3540-4374-8076-910A7D88A5DF}.Debug|x86.ActiveCfg = Debug|Win32
		{67FF963C-3540-4374-8076-910A7D88A5DF}.Debug|x86.Build.0 = Debug|Win32
		{67FF963C-3540-4374-8076-910A7D88A5DF}.Release|x64.ActiveCfg = Release|x64
		{67FF963C-3540-4374-8076-910A7D88A5DF}.Release|x64.Build.0 = Release|x64
		{67FF963C-3540-4374-8076-910A7D88A5DF}.Release|x86.ActiveCfg = Release|Win32
		{67FF963C-3540-4374-8076-910A7D88A5DF}.Release|x86.Build.0 = Release|Win32
	EndGlobalSection
	GlobalSection(SolutionProperties) = preSolution
		HideSolutionNode = FALSE
	EndGlobalSection
EndGlobal
